{
  "name": "demo",
  "version": "1.0.1",
  "lockfileVersion": 2,
  "requires": true,
  "packages": {
    "": {
      "name": "demo",
      "version": "1.0.1",
      "license": "MIT",
      "dependencies": {
        "inspirational-quotes": "^1.0.1"
      }
    },
    "node_modules/inspirational-quotes": {
      "version": "1.0.1",
      "resolved": "https://registry.npmjs.org/inspirational-quotes/-/inspirational-quotes-1.0.1.tgz",
      "integrity": "sha512-BlbpTDMq9+oZUO9jUde8uMGf7HJuDvBToXb/PxKB+meKAl9IkUvRZQmO6qVw+kA1ZZrasP2ZR4FuC557O88Wig=="
    }
  },
  "dependencies": {
    "inspirational-quotes": {
      "version": "1.0.1",
      "resolved": "https://registry.npmjs.org/inspirational-quotes/-/inspirational-quotes-1.0.1.tgz",
      "integrity": "sha512-BlbpTDMq9+oZUO9jUde8uMGf7HJuDvBToXb/PxKB+meKAl9IkUvRZQmO6qVw+kA1ZZrasP2ZR4FuC557O88Wig=="
    }
  }
}
